// !$*UTF8*$!
{
	archiveVersion = 1;
	classes = {
	};
	objectVersion = 55;
	objects = {

/* Begin PBXBuildFile section */
		42AE0D82288A478500644EA4 /* AppDelegate.swift in Sources */ = {isa = PBXBuildFile; fileRef = 42AE0D81288A478500644EA4 /* AppDelegate.swift */; };
		42AE0D8B288A478600644EA4 /* Assets.xcassets in Resources */ = {isa = PBXBuildFile; fileRef = 42AE0D8A288A478600644EA4 /* Assets.xcassets */; };
		42AE0D8E288A478600644EA4 /* LaunchScreen.storyboard in Resources */ = {isa = PBXBuildFile; fileRef = 42AE0D8C288A478600644EA4 /* LaunchScreen.storyboard */; };
		42AE0D97288A4C3A00644EA4 /* HomePhototViewController.swift in Sources */ = {isa = PBXBuildFile; fileRef = 42AE0D96288A4C3A00644EA4 /* HomePhototViewController.swift */; };
		42AE0D9A288A4D2900644EA4 /* XHBCommonSwiftLib in Frameworks */ = {isa = PBXBuildFile; productRef = 42AE0D99288A4D2900644EA4 /* XHBCommonSwiftLib */; };
		42AE0DA6288AA48D00644EA4 /* Network.swift in Sources */ = {isa = PBXBuildFile; fileRef = 42AE0DA5288AA48D00644EA4 /* Network.swift */; };
		42AE0DA8288ABE1200644EA4 /* Network+PhotoList.swift in Sources */ = {isa = PBXBuildFile; fileRef = 42AE0DA7288ABE1200644EA4 /* Network+PhotoList.swift */; };
		42AE0DAB288ACBBE00644EA4 /* Photo.swift in Sources */ = {isa = PBXBuildFile; fileRef = 42AE0DAA288ACBBE00644EA4 /* Photo.swift */; };
		C66BA27C288AD9F10052C5B6 /* HomePhotoCollectionView.swift in Sources */ = {isa = PBXBuildFile; fileRef = C66BA27B288AD9F10052C5B6 /* HomePhotoCollectionView.swift */; };
		C66BA27E288ADA340052C5B6 /* HomePhotoCollectionViewCell.swift in Sources */ = {isa = PBXBuildFile; fileRef = C66BA27D288ADA340052C5B6 /* HomePhotoCollectionViewCell.swift */; };
		C66BA281288AE63B0052C5B6 /* VIPER.swift in Sources */ = {isa = PBXBuildFile; fileRef = C66BA280288AE63B0052C5B6 /* VIPER.swift */; };
		C66BA284288D88AD0052C5B6 /* HomePhotoPresenter.swift in Sources */ = {isa = PBXBuildFile; fileRef = C66BA283288D88AD0052C5B6 /* HomePhotoPresenter.swift */; };
		C66BA287288D8B870052C5B6 /* HomePhotoInteractor.swift in Sources */ = {isa = PBXBuildFile; fileRef = C66BA286288D8B870052C5B6 /* HomePhotoInteractor.swift */; };
		C66BA28A288D8DB50052C5B6 /* HomePhotoRouter.swift in Sources */ = {isa = PBXBuildFile; fileRef = C66BA289288D8DB50052C5B6 /* HomePhotoRouter.swift */; };
		C66BA28C288D922D0052C5B6 /* HomePhotoNetwork.swift in Sources */ = {isa = PBXBuildFile; fileRef = C66BA28B288D922D0052C5B6 /* HomePhotoNetwork.swift */; };
		C66BA28F288D9A800052C5B6 /* CustomCellIdentifiable.swift in Sources */ = {isa = PBXBuildFile; fileRef = C66BA28E288D9A800052C5B6 /* CustomCellIdentifiable.swift */; };
		C66BA29628919A0C0052C5B6 /* DetailPhotoRouter.swift in Sources */ = {isa = PBXBuildFile; fileRef = C66BA29528919A0C0052C5B6 /* DetailPhotoRouter.swift */; };
		C66BA29828919A240052C5B6 /* DetailPhotoViewController.swift in Sources */ = {isa = PBXBuildFile; fileRef = C66BA29728919A240052C5B6 /* DetailPhotoViewController.swift */; };
		C66BA29A28919A7A0052C5B6 /* DetailPhotoPresenter.swift in Sources */ = {isa = PBXBuildFile; fileRef = C66BA29928919A7A0052C5B6 /* DetailPhotoPresenter.swift */; };
		C66BA29C28919ABB0052C5B6 /* DetailPhotoInteractor.swift in Sources */ = {isa = PBXBuildFile; fileRef = C66BA29B28919ABB0052C5B6 /* DetailPhotoInteractor.swift */; };
/* End PBXBuildFile section */

/* Begin PBXFileReference section */
		42AE0D7E288A478500644EA4 /* UnsplashDemo.app */ = {isa = PBXFileReference; explicitFileType = wrapper.application; includeInIndex = 0; path = UnsplashDemo.app; sourceTree = BUILT_PRODUCTS_DIR; };
		42AE0D81288A478500644EA4 /* AppDelegate.swift */ = {isa = PBXFileReference; lastKnownFileType = sourcecode.swift; path = AppDelegate.swift; sourceTree = "<group>"; };
		42AE0D8A288A478600644EA4 /* Assets.xcassets */ = {isa = PBXFileReference; lastKnownFileType = folder.assetcatalog; path = Assets.xcassets; sourceTree = "<group>"; };
		42AE0D8D288A478600644EA4 /* Base */ = {isa = PBXFileReference; lastKnownFileType = file.storyboard; name = Base; path = Base.lproj/LaunchScreen.storyboard; sourceTree = "<group>"; };
		42AE0D8F288A478600644EA4 /* Info.plist */ = {isa = PBXFileReference; lastKnownFileType = text.plist.xml; path = Info.plist; sourceTree = "<group>"; };
		42AE0D96288A4C3A00644EA4 /* HomePhototViewController.swift */ = {isa = PBXFileReference; lastKnownFileType = sourcecode.swift; path = HomePhototViewController.swift; sourceTree = "<group>"; };
		42AE0DA5288AA48D00644EA4 /* Network.swift */ = {isa = PBXFileReference; lastKnownFileType = sourcecode.swift; path = Network.swift; sourceTree = "<group>"; };
		42AE0DA7288ABE1200644EA4 /* Network+PhotoList.swift */ = {isa = PBXFileReference; lastKnownFileType = sourcecode.swift; path = "Network+PhotoList.swift"; sourceTree = "<group>"; };
		42AE0DAA288ACBBE00644EA4 /* Photo.swift */ = {isa = PBXFileReference; lastKnownFileType = sourcecode.swift; path = Photo.swift; sourceTree = "<group>"; };
		C66BA27B288AD9F10052C5B6 /* HomePhotoCollectionView.swift */ = {isa = PBXFileReference; lastKnownFileType = sourcecode.swift; path = HomePhotoCollectionView.swift; sourceTree = "<group>"; };
		C66BA27D288ADA340052C5B6 /* HomePhotoCollectionViewCell.swift */ = {isa = PBXFileReference; lastKnownFileType = sourcecode.swift; path = HomePhotoCollectionViewCell.swift; sourceTree = "<group>"; };
		C66BA280288AE63B0052C5B6 /* VIPER.swift */ = {isa = PBXFileReference; lastKnownFileType = sourcecode.swift; path = VIPER.swift; sourceTree = "<group>"; };
		C66BA283288D88AD0052C5B6 /* HomePhotoPresenter.swift */ = {isa = PBXFileReference; lastKnownFileType = sourcecode.swift; path = HomePhotoPresenter.swift; sourceTree = "<group>"; };
		C66BA286288D8B870052C5B6 /* HomePhotoInteractor.swift */ = {isa = PBXFileReference; lastKnownFileType = sourcecode.swift; path = HomePhotoInteractor.swift; sourceTree = "<group>"; };
		C66BA289288D8DB50052C5B6 /* HomePhotoRouter.swift */ = {isa = PBXFileReference; lastKnownFileType = sourcecode.swift; path = HomePhotoRouter.swift; sourceTree = "<group>"; };
		C66BA28B288D922D0052C5B6 /* HomePhotoNetwork.swift */ = {isa = PBXFileReference; lastKnownFileType = sourcecode.swift; path = HomePhotoNetwork.swift; sourceTree = "<group>"; };
		C66BA28E288D9A800052C5B6 /* CustomCellIdentifiable.swift */ = {isa = PBXFileReference; lastKnownFileType = sourcecode.swift; path = CustomCellIdentifiable.swift; sourceTree = "<group>"; };
		C66BA29528919A0C0052C5B6 /* DetailPhotoRouter.swift */ = {isa = PBXFileReference; lastKnownFileType = sourcecode.swift; path = DetailPhotoRouter.swift; sourceTree = "<group>"; };
		C66BA29728919A240052C5B6 /* DetailPhotoViewController.swift */ = {isa = PBXFileReference; lastKnownFileType = sourcecode.swift; path = DetailPhotoViewController.swift; sourceTree = "<group>"; };
		C66BA29928919A7A0052C5B6 /* DetailPhotoPresenter.swift */ = {isa = PBXFileReference; lastKnownFileType = sourcecode.swift; path = DetailPhotoPresenter.swift; sourceTree = "<group>"; };
		C66BA29B28919ABB0052C5B6 /* DetailPhotoInteractor.swift */ = {isa = PBXFileReference; lastKnownFileType = sourcecode.swift; path = DetailPhotoInteractor.swift; sourceTree = "<group>"; };
/* End PBXFileReference section */

/* Begin PBXFrameworksBuildPhase section */
		42AE0D7B288A478500644EA4 /* Frameworks */ = {
			isa = PBXFrameworksBuildPhase;
			buildActionMask = 2147483647;
			files = (
				42AE0D9A288A4D2900644EA4 /* XHBCommonSwiftLib in Frameworks */,
			);
			runOnlyForDeploymentPostprocessing = 0;
		};
/* End PBXFrameworksBuildPhase section */

/* Begin PBXGroup section */
		42AE0D75288A478500644EA4 = {
			isa = PBXGroup;
			children = (
				42AE0D80288A478500644EA4 /* UnsplashDemo */,
				42AE0D7F288A478500644EA4 /* Products */,
			);
			sourceTree = "<group>";
		};
		42AE0D7F288A478500644EA4 /* Products */ = {
			isa = PBXGroup;
			children = (
				42AE0D7E288A478500644EA4 /* UnsplashDemo.app */,
			);
			name = Products;
			sourceTree = "<group>";
		};
		42AE0D80288A478500644EA4 /* UnsplashDemo */ = {
			isa = PBXGroup;
			children = (
				C66BA28D288D9A710052C5B6 /* CustomCellIdentifiable */,
				C66BA27F288AE6290052C5B6 /* Pattern */,
				42AE0DA9288ACBB500644EA4 /* Model */,
				42AE0DA4288AA44B00644EA4 /* Network */,
				42AE0D95288A4C3000644EA4 /* App */,
				42AE0D81288A478500644EA4 /* AppDelegate.swift */,
				42AE0D8A288A478600644EA4 /* Assets.xcassets */,
				42AE0D8C288A478600644EA4 /* LaunchScreen.storyboard */,
				42AE0D8F288A478600644EA4 /* Info.plist */,
			);
			path = UnsplashDemo;
			sourceTree = "<group>";
		};
		42AE0D95288A4C3000644EA4 /* App */ = {
			isa = PBXGroup;
			children = (
				C66BA290289194210052C5B6 /* Detail */,
				42AE0D9D288A4ECB00644EA4 /* Home */,
			);
			path = App;
			sourceTree = "<group>";
		};
		42AE0D9D288A4ECB00644EA4 /* Home */ = {
			isa = PBXGroup;
			children = (
				C66BA288288D8DA10052C5B6 /* Router */,
				C66BA285288D896E0052C5B6 /* Interactor */,
				C66BA282288D88340052C5B6 /* Presenter */,
				C66BA27A288AD9DC0052C5B6 /* View */,
			);
			path = Home;
			sourceTree = "<group>";
		};
		42AE0DA4288AA44B00644EA4 /* Network */ = {
			isa = PBXGroup;
			children = (
				42AE0DA5288AA48D00644EA4 /* Network.swift */,
				42AE0DA7288ABE1200644EA4 /* Network+PhotoList.swift */,
			);
			path = Network;
			sourceTree = "<group>";
		};
		42AE0DA9288ACBB500644EA4 /* Model */ = {
			isa = PBXGroup;
			children = (
				42AE0DAA288ACBBE00644EA4 /* Photo.swift */,
			);
			path = Model;
			sourceTree = "<group>";
		};
		C66BA27A288AD9DC0052C5B6 /* View */ = {
			isa = PBXGroup;
			children = (
				42AE0D96288A4C3A00644EA4 /* HomePhototViewController.swift */,
				C66BA27B288AD9F10052C5B6 /* HomePhotoCollectionView.swift */,
				C66BA27D288ADA340052C5B6 /* HomePhotoCollectionViewCell.swift */,
			);
			path = View;
			sourceTree = "<group>";
		};
		C66BA27F288AE6290052C5B6 /* Pattern */ = {
			isa = PBXGroup;
			children = (
				C66BA280288AE63B0052C5B6 /* VIPER.swift */,
			);
			path = Pattern;
			sourceTree = "<group>";
		};
		C66BA282288D88340052C5B6 /* Presenter */ = {
			isa = PBXGroup;
			children = (
				C66BA283288D88AD0052C5B6 /* HomePhotoPresenter.swift */,
			);
			path = Presenter;
			sourceTree = "<group>";
		};
		C66BA285288D896E0052C5B6 /* Interactor */ = {
			isa = PBXGroup;
			children = (
				C66BA286288D8B870052C5B6 /* HomePhotoInteractor.swift */,
				C66BA28B288D922D0052C5B6 /* HomePhotoNetwork.swift */,
			);
			path = Interactor;
			sourceTree = "<group>";
		};
		C66BA288288D8DA10052C5B6 /* Router */ = {
			isa = PBXGroup;
			children = (
				C66BA289288D8DB50052C5B6 /* HomePhotoRouter.swift */,
			);
			path = Router;
			sourceTree = "<group>";
		};
		C66BA28D288D9A710052C5B6 /* CustomCellIdentifiable */ = {
			isa = PBXGroup;
			children = (
				C66BA28E288D9A800052C5B6 /* CustomCellIdentifiable.swift */,
			);
			path = CustomCellIdentifiable;
			sourceTree = "<group>";
		};
		C66BA290289194210052C5B6 /* Detail */ = {
			isa = PBXGroup;
			children = (
				C66BA294289194610052C5B6 /* View */,
				C66BA2932891945A0052C5B6 /* Presenter */,
				C66BA292289194410052C5B6 /* Interactor */,
				C66BA2912891942C0052C5B6 /* Router */,
			);
			path = Detail;
			sourceTree = "<group>";
		};
		C66BA2912891942C0052C5B6 /* Router */ = {
			isa = PBXGroup;
			children = (
				C66BA29528919A0C0052C5B6 /* DetailPhotoRouter.swift */,
			);
			path = Router;
			sourceTree = "<group>";
		};
		C66BA292289194410052C5B6 /* Interactor */ = {
			isa = PBXGroup;
			children = (
				C66BA29B28919ABB0052C5B6 /* DetailPhotoInteractor.swift */,
			);
			path = Interactor;
			sourceTree = "<group>";
		};
		C66BA2932891945A0052C5B6 /* Presenter */ = {
			isa = PBXGroup;
			children = (
				C66BA29928919A7A0052C5B6 /* DetailPhotoPresenter.swift */,
			);
			path = Presenter;
			sourceTree = "<group>";
		};
		C66BA294289194610052C5B6 /* View */ = {
			isa = PBXGroup;
			children = (
				C66BA29728919A240052C5B6 /* DetailPhotoViewController.swift */,
			);
			path = View;
			sourceTree = "<group>";
		};
/* End PBXGroup section */

/* Begin PBXNativeTarget section */
		42AE0D7D288A478500644EA4 /* UnsplashDemo */ = {
			isa = PBXNativeTarget;
			buildConfigurationList = 42AE0D92288A478600644EA4 /* Build configuration list for PBXNativeTarget "UnsplashDemo" */;
			buildPhases = (
				42AE0D7A288A478500644EA4 /* Sources */,
				42AE0D7B288A478500644EA4 /* Frameworks */,
				42AE0D7C288A478500644EA4 /* Resources */,
			);
			buildRules = (
			);
			dependencies = (
			);
			name = UnsplashDemo;
			packageProductDependencies = (
				42AE0D99288A4D2900644EA4 /* XHBCommonSwiftLib */,
			);
			productName = UnsplashDemo;
			productReference = 42AE0D7E288A478500644EA4 /* UnsplashDemo.app */;
			productType = "com.apple.product-type.application";
		};
/* End PBXNativeTarget section */

/* Begin PBXProject section */
		42AE0D76288A478500644EA4 /* Project object */ = {
			isa = PBXProject;
			attributes = {
				BuildIndependentTargetsInParallel = 1;
				LastSwiftUpdateCheck = 1340;
				LastUpgradeCheck = 1400;
				TargetAttributes = {
					42AE0D7D288A478500644EA4 = {
						CreatedOnToolsVersion = 13.4.1;
					};
				};
			};
			buildConfigurationList = 42AE0D79288A478500644EA4 /* Build configuration list for PBXProject "UnsplashDemo" */;
			compatibilityVersion = "Xcode 13.0";
			developmentRegion = en;
			hasScannedForEncodings = 0;
			knownRegions = (
				en,
				Base,
			);
			mainGroup = 42AE0D75288A478500644EA4;
			packageReferences = (
				42AE0D98288A4D2900644EA4 /* XCRemoteSwiftPackageReference "XHBCommonSwiftLib" */,
			);
			productRefGroup = 42AE0D7F288A478500644EA4 /* Products */;
			projectDirPath = "";
			projectRoot = "";
			targets = (
				42AE0D7D288A478500644EA4 /* UnsplashDemo */,
			);
		};
/* End PBXProject section */

/* Begin PBXResourcesBuildPhase section */
		42AE0D7C288A478500644EA4 /* Resources */ = {
			isa = PBXResourcesBuildPhase;
			buildActionMask = 2147483647;
			files = (
				42AE0D8E288A478600644EA4 /* LaunchScreen.storyboard in Resources */,
				42AE0D8B288A478600644EA4 /* Assets.xcassets in Resources */,
			);
			runOnlyForDeploymentPostprocessing = 0;
		};
/* End PBXResourcesBuildPhase section */

/* Begin PBXSourcesBuildPhase section */
		42AE0D7A288A478500644EA4 /* Sources */ = {
			isa = PBXSourcesBuildPhase;
			buildActionMask = 2147483647;
			files = (
				C66BA28A288D8DB50052C5B6 /* HomePhotoRouter.swift in Sources */,
				42AE0DAB288ACBBE00644EA4 /* Photo.swift in Sources */,
				42AE0DA8288ABE1200644EA4 /* Network+PhotoList.swift in Sources */,
				C66BA287288D8B870052C5B6 /* HomePhotoInteractor.swift in Sources */,
				C66BA28F288D9A800052C5B6 /* CustomCellIdentifiable.swift in Sources */,
				C66BA284288D88AD0052C5B6 /* HomePhotoPresenter.swift in Sources */,
				42AE0DA6288AA48D00644EA4 /* Network.swift in Sources */,
				C66BA27C288AD9F10052C5B6 /* HomePhotoCollectionView.swift in Sources */,
				C66BA29628919A0C0052C5B6 /* DetailPhotoRouter.swift in Sources */,
				C66BA27E288ADA340052C5B6 /* HomePhotoCollectionViewCell.swift in Sources */,
				C66BA29A28919A7A0052C5B6 /* DetailPhotoPresenter.swift in Sources */,
				C66BA281288AE63B0052C5B6 /* VIPER.swift in Sources */,
				C66BA28C288D922D0052C5B6 /* HomePhotoNetwork.swift in Sources */,
				C66BA29828919A240052C5B6 /* DetailPhotoViewController.swift in Sources */,
				C66BA29C28919ABB0052C5B6 /* DetailPhotoInteractor.swift in Sources */,
				42AE0D82288A478500644EA4 /* AppDelegate.swift in Sources */,
				42AE0D97288A4C3A00644EA4 /* HomePhototViewController.swift in Sources */,
			);
			runOnlyForDeploymentPostprocessing = 0;
		};
/* End PBXSourcesBuildPhase section */

/* Begin PBXVariantGroup section */
		42AE0D8C288A478600644EA4 /* LaunchScreen.storyboard */ = {
			isa = PBXVariantGroup;
			children = (
				42AE0D8D288A478600644EA4 /* Base */,
			);
			name = LaunchScreen.storyboard;
			sourceTree = "<group>";
		};
/* End PBXVariantGroup section */

/* Begin XCBuildConfiguration section */
		42AE0D90288A478600644EA4 /* Debug */ = {
			isa = XCBuildConfiguration;
			buildSettings = {
				ALWAYS_SEARCH_USER_PATHS = NO;
				CLANG_ANALYZER_NONNULL = YES;
				CLANG_ANALYZER_NUMBER_OBJECT_CONVERSION = YES_AGGRESSIVE;
				CLANG_CXX_LANGUAGE_STANDARD = "gnu++17";
				CLANG_ENABLE_MODULES = YES;
				CLANG_ENABLE_OBJC_ARC = YES;
				CLANG_ENABLE_OBJC_WEAK = YES;
				CLANG_WARN_BLOCK_CAPTURE_AUTORELEASING = YES;
				CLANG_WARN_BOOL_CONVERSION = YES;
				CLANG_WARN_COMMA = YES;
				CLANG_WARN_CONSTANT_CONVERSION = YES;
				CLANG_WARN_DEPRECATED_OBJC_IMPLEMENTATIONS = YES;
				CLANG_WARN_DIRECT_OBJC_ISA_USAGE = YES_ERROR;
				CLANG_WARN_DOCUMENTATION_COMMENTS = YES;
				CLANG_WARN_EMPTY_BODY = YES;
				CLANG_WARN_ENUM_CONVERSION = YES;
				CLANG_WARN_INFINITE_RECURSION = YES;
				CLANG_WARN_INT_CONVERSION = YES;
				CLANG_WARN_NON_LITERAL_NULL_CONVERSION = YES;
				CLANG_WARN_OBJC_IMPLICIT_RETAIN_SELF = YES;
				CLANG_WARN_OBJC_LITERAL_CONVERSION = YES;
				CLANG_WARN_OBJC_ROOT_CLASS = YES_ERROR;
				CLANG_WARN_QUOTED_INCLUDE_IN_FRAMEWORK_HEADER = YES;
				CLANG_WARN_RANGE_LOOP_ANALYSIS = YES;
				CLANG_WARN_STRICT_PROTOTYPES = YES;
				CLANG_WARN_SUSPICIOUS_MOVE = YES;
				CLANG_WARN_UNGUARDED_AVAILABILITY = YES_AGGRESSIVE;
				CLANG_WARN_UNREACHABLE_CODE = YES;
				CLANG_WARN__DUPLICATE_METHOD_MATCH = YES;
				COPY_PHASE_STRIP = NO;
				DEBUG_INFORMATION_FORMAT = dwarf;
				ENABLE_STRICT_OBJC_MSGSEND = YES;
				ENABLE_TESTABILITY = YES;
				GCC_C_LANGUAGE_STANDARD = gnu11;
				GCC_DYNAMIC_NO_PIC = NO;
				GCC_NO_COMMON_BLOCKS = YES;
				GCC_OPTIMIZATION_LEVEL = 0;
				GCC_PREPROCESSOR_DEFINITIONS = (
					"DEBUG=1",
					"$(inherited)",
				);
				GCC_WARN_64_TO_32_BIT_CONVERSION = YES;
				GCC_WARN_ABOUT_RETURN_TYPE = YES_ERROR;
				GCC_WARN_UNDECLARED_SELECTOR = YES;
				GCC_WARN_UNINITIALIZED_AUTOS = YES_AGGRESSIVE;
				GCC_WARN_UNUSED_FUNCTION = YES;
				GCC_WARN_UNUSED_VARIABLE = YES;
				IPHONEOS_DEPLOYMENT_TARGET = 15.5;
				MTL_ENABLE_DEBUG_INFO = INCLUDE_SOURCE;
				MTL_FAST_MATH = YES;
				ONLY_ACTIVE_ARCH = YES;
				SDKROOT = iphoneos;
				SWIFT_ACTIVE_COMPILATION_CONDITIONS = DEBUG;
				SWIFT_OPTIMIZATION_LEVEL = "-Onone";
			};
			name = Debug;
		};
		42AE0D91288A478600644EA4 /* Release */ = {
			isa = XCBuildConfiguration;
			buildSettings = {
				ALWAYS_SEARCH_USER_PATHS = NO;
				CLANG_ANALYZER_NONNULL = YES;
				CLANG_ANALYZER_NUMBER_OBJECT_CONVERSION = YES_AGGRESSIVE;
				CLANG_CXX_LANGUAGE_STANDARD = "gnu++17";
				CLANG_ENABLE_MODULES = YES;
				CLANG_ENABLE_OBJC_ARC = YES;
				CLANG_ENABLE_OBJC_WEAK = YES;
				CLANG_WARN_BLOCK_CAPTURE_AUTORELEASING = YES;
				CLANG_WARN_BOOL_CONVERSION = YES;
				CLANG_WARN_COMMA = YES;
				CLANG_WARN_CONSTANT_CONVERSION = YES;
				CLANG_WARN_DEPRECATED_OBJC_IMPLEMENTATIONS = YES;
				CLANG_WARN_DIRECT_OBJC_ISA_USAGE = YES_ERROR;
				CLANG_WARN_DOCUMENTATION_COMMENTS = YES;
				CLANG_WARN_EMPTY_BODY = YES;
				CLANG_WARN_ENUM_CONVERSION = YES;
				CLANG_WARN_INFINITE_RECURSION = YES;
				CLANG_WARN_INT_CONVERSION = YES;
				CLANG_WARN_NON_LITERAL_NULL_CONVERSION = YES;
				CLANG_WARN_OBJC_IMPLICIT_RETAIN_SELF = YES;
				CLANG_WARN_OBJC_LITERAL_CONVERSION = YES;
				CLANG_WARN_OBJC_ROOT_CLASS = YES_ERROR;
				CLANG_WARN_QUOTED_INCLUDE_IN_FRAMEWORK_HEADER = YES;
				CLANG_WARN_RANGE_LOOP_ANALYSIS = YES;
				CLANG_WARN_STRICT_PROTOTYPES = YES;
				CLANG_WARN_SUSPICIOUS_MOVE = YES;
				CLANG_WARN_UNGUARDED_AVAILABILITY = YES_AGGRESSIVE;
				CLANG_WARN_UNREACHABLE_CODE = YES;
				CLANG_WARN__DUPLICATE_METHOD_MATCH = YES;
				COPY_PHASE_STRIP = NO;
				DEBUG_INFORMATION_FORMAT = "dwarf-with-dsym";
				ENABLE_NS_ASSERTIONS = NO;
				ENABLE_STRICT_OBJC_MSGSEND = YES;
				GCC_C_LANGUAGE_STANDARD = gnu11;
				GCC_NO_COMMON_BLOCKS = YES;
				GCC_WARN_64_TO_32_BIT_CONVERSION = YES;
				GCC_WARN_ABOUT_RETURN_TYPE = YES_ERROR;
				GCC_WARN_UNDECLARED_SELECTOR = YES;
				GCC_WARN_UNINITIALIZED_AUTOS = YES_AGGRESSIVE;
				GCC_WARN_UNUSED_FUNCTION = YES;
				GCC_WARN_UNUSED_VARIABLE = YES;
				IPHONEOS_DEPLOYMENT_TARGET = 15.5;
				MTL_ENABLE_DEBUG_INFO = NO;
				MTL_FAST_MATH = YES;
				SDKROOT = iphoneos;
				SWIFT_COMPILATION_MODE = wholemodule;
				SWIFT_OPTIMIZATION_LEVEL = "-O";
				VALIDATE_PRODUCT = YES;
			};
			name = Release;
		};
		42AE0D93288A478600644EA4 /* Debug */ = {
			isa = XCBuildConfiguration;
			buildSettings = {
				ASSETCATALOG_COMPILER_APPICON_NAME = AppIcon;
				ASSETCATALOG_COMPILER_GLOBAL_ACCENT_COLOR_NAME = AccentColor;
				CODE_SIGN_STYLE = Automatic;
				CURRENT_PROJECT_VERSION = 1;
				DEVELOPMENT_TEAM = Y4K7BN45NN;
				GENERATE_INFOPLIST_FILE = YES;
				INFOPLIST_FILE = UnsplashDemo/Info.plist;
				INFOPLIST_KEY_UIApplicationSupportsIndirectInputEvents = YES;
				INFOPLIST_KEY_UILaunchStoryboardName = LaunchScreen;
				INFOPLIST_KEY_UISupportedInterfaceOrientations_iPad = "UIInterfaceOrientationPortrait UIInterfaceOrientationPortraitUpsideDown UIInterfaceOrientationLandscapeLeft UIInterfaceOrientationLandscapeRight";
				INFOPLIST_KEY_UISupportedInterfaceOrientations_iPhone = "UIInterfaceOrientationPortrait UIInterfaceOrientationLandscapeLeft UIInterfaceOrientationLandscapeRight";
				IPHONEOS_DEPLOYMENT_TARGET = 12.0;
				LD_RUNPATH_SEARCH_PATHS = (
					"$(inherited)",
					"@executable_path/Frameworks",
				);
				MARKETING_VERSION = 1.0;
				PRODUCT_BUNDLE_IDENTIFIER = com.xhb.UnsplashDemo;
				PRODUCT_NAME = "$(TARGET_NAME)";
				SWIFT_EMIT_LOC_STRINGS = YES;
				SWIFT_VERSION = 5.0;
				TARGETED_DEVICE_FAMILY = 1;
			};
			name = Debug;
		};
		42AE0D94288A478600644EA4 /* Release */ = {
			isa = XCBuildConfiguration;
			buildSettings = {
				ASSETCATALOG_COMPILER_APPICON_NAME = AppIcon;
				ASSETCATALOG_COMPILER_GLOBAL_ACCENT_COLOR_NAME = AccentColor;
				CODE_SIGN_STYLE = Automatic;
				CURRENT_PROJECT_VERSION = 1;
				DEVELOPMENT_TEAM = Y4K7BN45NN;
				GENERATE_INFOPLIST_FILE = YES;
				INFOPLIST_FILE = UnsplashDemo/Info.plist;
				INFOPLIST_KEY_UIApplicationSupportsIndirectInputEvents = YES;
				INFOPLIST_KEY_UILaunchStoryboardName = LaunchScreen;
				INFOPLIST_KEY_UISupportedInterfaceOrientations_iPad = "UIInterfaceOrientationPortrait UIInterfaceOrientationPortraitUpsideDown UIInterfaceOrientationLandscapeLeft UIInterfaceOrientationLandscapeRight";
				INFOPLIST_KEY_UISupportedInterfaceOrientations_iPhone = "UIInterfaceOrientationPortrait UIInterfaceOrientationLandscapeLeft UIInterfaceOrientationLandscapeRight";
				IPHONEOS_DEPLOYMENT_TARGET = 12.0;
				LD_RUNPATH_SEARCH_PATHS = (
					"$(inherited)",
					"@executable_path/Frameworks",
				);
				MARKETING_VERSION = 1.0;
				PRODUCT_BUNDLE_IDENTIFIER = com.xhb.UnsplashDemo;
				PRODUCT_NAME = "$(TARGET_NAME)";
				SWIFT_EMIT_LOC_STRINGS = YES;
				SWIFT_VERSION = 5.0;
				TARGETED_DEVICE_FAMILY = 1;
			};
			name = Release;
		};
/* End XCBuildConfiguration section */

/* Begin XCConfigurationList section */
		42AE0D79288A478500644EA4 /* Build configuration list for PBXProject "UnsplashDemo" */ = {
			isa = XCConfigurationList;
			buildConfigurations = (
				42AE0D90288A478600644EA4 /* Debug */,
				42AE0D91288A478600644EA4 /* Release */,
			);
			defaultConfigurationIsVisible = 0;
			defaultConfigurationName = Release;
		};
		42AE0D92288A478600644EA4 /* Build configuration list for PBXNativeTarget "UnsplashDemo" */ = {
			isa = XCConfigurationList;
			buildConfigurations = (
				42AE0D93288A478600644EA4 /* Debug */,
				42AE0D94288A478600644EA4 /* Release */,
			);
			defaultConfigurationIsVisible = 0;
			defaultConfigurationName = Release;
		};
/* End XCConfigurationList section */

/* Begin XCRemoteSwiftPackageReference section */
		42AE0D98288A4D2900644EA4 /* XCRemoteSwiftPackageReference "XHBCommonSwiftLib" */ = {
			isa = XCRemoteSwiftPackageReference;
			repositoryURL = "git@github.com:XHB-Swift/XHBCommonSwiftLib.git";
			requirement = {
				kind = upToNextMajorVersion;
				minimumVersion = 1.0.0;
			};
		};
/* End XCRemoteSwiftPackageReference section */

/* Begin XCSwiftPackageProductDependency section */
		42AE0D99288A4D2900644EA4 /* XHBCommonSwiftLib */ = {
			isa = XCSwiftPackageProductDependency;
			package = 42AE0D98288A4D2900644EA4 /* XCRemoteSwiftPackageReference "XHBCommonSwiftLib" */;
			productName = XHBCommonSwiftLib;
		};
/* End XCSwiftPackageProductDependency section */
	};
	rootObject = 42AE0D76288A478500644EA4 /* Project object */;
}
