{
  "pins" : [
    {
      "identity" : "xhbcommonswiftlib",
      "kind" : "remoteSourceControl",
      "location" : "git@github.com:XHB-Swift/XHBCommonSwiftLib.git",
      "state" : {
        "revision" : "3972c535b58469ee16b9012bb4f9eeed0347f481",
        "version" : "1.1.5"
      }
    },
    {
      "identity" : "xhbfoundationswiftlib",
      "kind" : "remoteSourceControl",
      "location" : "git@github.com:XHB-Swift/XHBFoundationSwiftLib.git",
      "state" : {
        "revision" : "465a1835d27e808fc8d522eb1e800557c6983c66",
        "version" : "0.1.8"
      }
    }
  ],
  "version" : 2
}
